// !$*UTF8*$!
{
	archiveVersion = 1;
	classes = {
	};
	objectVersion = 50;
	objects = {

/* Begin PBXBuildFile section */
		8B61093D258C542800A28845 /* AppDelegate.swift in Sources */ = {isa = PBXBuildFile; fileRef = 8B61093C258C542800A28845 /* AppDelegate.swift */; };
		8B61093F258C542800A28845 /* SceneDelegate.swift in Sources */ = {isa = PBXBuildFile; fileRef = 8B61093E258C542800A28845 /* SceneDelegate.swift */; };
		8B610941258C542800A28845 /* ViewController.swift in Sources */ = {isa = PBXBuildFile; fileRef = 8B610940258C542800A28845 /* ViewController.swift */; };
		8B610944258C542800A28845 /* Main.storyboard in Resources */ = {isa = PBXBuildFile; fileRef = 8B610942258C542800A28845 /* Main.storyboard */; };
		8B610946258C542A00A28845 /* Assets.xcassets in Resources */ = {isa = PBXBuildFile; fileRef = 8B610945258C542A00A28845 /* Assets.xcassets */; };
		8B610949258C542A00A28845 /* LaunchScreen.storyboard in Resources */ = {isa = PBXBuildFile; fileRef = 8B610947258C542A00A28845 /* LaunchScreen.storyboard */; };
		8B610954258C542B00A28845 /* EmarketTests.swift in Sources */ = {isa = PBXBuildFile; fileRef = 8B610953258C542B00A28845 /* EmarketTests.swift */; };
		8B61095F258C542B00A28845 /* EmarketUITests.swift in Sources */ = {isa = PBXBuildFile; fileRef = 8B61095E258C542B00A28845 /* EmarketUITests.swift */; };
/* End PBXBuildFile section */

/* Begin PBXContainerItemProxy section */
		8B610950258C542B00A28845 /* PBXContainerItemProxy */ = {
			isa = PBXContainerItemProxy;
			containerPortal = 8B610931258C542800A28845 /* Project object */;
			proxyType = 1;
			remoteGlobalIDString = 8B610938258C542800A28845;
			remoteInfo = Emarket;
		};
		8B61095B258C542B00A28845 /* PBXContainerItemProxy */ = {
			isa = PBXContainerItemProxy;
			containerPortal = 8B610931258C542800A28845 /* Project object */;
			proxyType = 1;
			remoteGlobalIDString = 8B610938258C542800A28845;
			remoteInfo = Emarket;
		};
/* End PBXContainerItemProxy section */

/* Begin PBXFileReference section */
		8B610939258C542800A28845 /* Emarket.app */ = {isa = PBXFileReference; explicitFileType = wrapper.application; includeInIndex = 0; path = Emarket.app; sourceTree = BUILT_PRODUCTS_DIR; };
		8B61093C258C542800A28845 /* AppDelegate.swift */ = {isa = PBXFileReference; lastKnownFileType = sourcecode.swift; path = AppDelegate.swift; sourceTree = "<group>"; };
		8B61093E258C542800A28845 /* SceneDelegate.swift */ = {isa = PBXFileReference; lastKnownFileType = sourcecode.swift; path = SceneDelegate.swift; sourceTree = "<group>"; };
		8B610940258C542800A28845 /* ViewController.swift */ = {isa = PBXFileReference; lastKnownFileType = sourcecode.swift; path = ViewController.swift; sourceTree = "<group>"; };
		8B610943258C542800A28845 /* Base */ = {isa = PBXFileReference; lastKnownFileType = file.storyboard; name = Base; path = Base.lproj/Main.storyboard; sourceTree = "<group>"; };
		8B610945258C542A00A28845 /* Assets.xcassets */ = {isa = PBXFileReference; lastKnownFileType = folder.assetcatalog; path = Assets.xcassets; sourceTree = "<group>"; };
		8B610948258C542A00A28845 /* Base */ = {isa = PBXFileReference; lastKnownFileType = file.storyboard; name = Base; path = Base.lproj/LaunchScreen.storyboard; sourceTree = "<group>"; };
		8B61094A258C542A00A28845 /* Info.plist */ = {isa = PBXFileReference; lastKnownFileType = text.plist.xml; path = Info.plist; sourceTree = "<group>"; };
		8B61094F258C542B00A28845 /* EmarketTests.xctest */ = {isa = PBXFileReference; explicitFileType = wrapper.cfbundle; includeInIndex = 0; path = EmarketTests.xctest; sourceTree = BUILT_PRODUCTS_DIR; };
		8B610953258C542B00A28845 /* EmarketTests.swift */ = {isa = PBXFileReference; lastKnownFileType = sourcecode.swift; path = EmarketTests.swift; sourceTree = "<group>"; };
		8B610955258C542B00A28845 /* Info.plist */ = {isa = PBXFileReference; lastKnownFileType = text.plist.xml; path = Info.plist; sourceTree = "<group>"; };
		8B61095A258C542B00A28845 /* EmarketUITests.xctest */ = {isa = PBXFileReference; explicitFileType = wrapper.cfbundle; includeInIndex = 0; path = EmarketUITests.xctest; sourceTree = BUILT_PRODUCTS_DIR; };
		8B61095E258C542B00A28845 /* EmarketUITests.swift */ = {isa = PBXFileReference; lastKnownFileType = sourcecode.swift; path = EmarketUITests.swift; sourceTree = "<group>"; };
		8B610960258C542B00A28845 /* Info.plist */ = {isa = PBXFileReference; lastKnownFileType = text.plist.xml; path = Info.plist; sourceTree = "<group>"; };
/* End PBXFileReference section */

/* Begin PBXFrameworksBuildPhase section */
		8B610936258C542800A28845 /* Frameworks */ = {
			isa = PBXFrameworksBuildPhase;
			buildActionMask = 2147483647;
			files = (
			);
			runOnlyForDeploymentPostprocessing = 0;
		};
		8B61094C258C542B00A28845 /* Frameworks */ = {
			isa = PBXFrameworksBuildPhase;
			buildActionMask = 2147483647;
			files = (
			);
			runOnlyForDeploymentPostprocessing = 0;
		};
		8B610957258C542B00A28845 /* Frameworks */ = {
			isa = PBXFrameworksBuildPhase;
			buildActionMask = 2147483647;
			files = (
			);
			runOnlyForDeploymentPostprocessing = 0;
		};
/* End PBXFrameworksBuildPhase section */

/* Begin PBXGroup section */
		8B610930258C542800A28845 = {
			isa = PBXGroup;
			children = (
				8B61093B258C542800A28845 /* Emarket */,
				8B610952258C542B00A28845 /* EmarketTests */,
				8B61095D258C542B00A28845 /* EmarketUITests */,
				8B61093A258C542800A28845 /* Products */,
			);
			sourceTree = "<group>";
		};
		8B61093A258C542800A28845 /* Products */ = {
			isa = PBXGroup;
			children = (
				8B610939258C542800A28845 /* Emarket.app */,
				8B61094F258C542B00A28845 /* EmarketTests.xctest */,
				8B61095A258C542B00A28845 /* EmarketUITests.xctest */,
			);
			name = Products;
			sourceTree = "<group>";
		};
		8B61093B258C542800A28845 /* Emarket */ = {
			isa = PBXGroup;
			children = (
				8B61093C258C542800A28845 /* AppDelegate.swift */,
				8B61093E258C542800A28845 /* SceneDelegate.swift */,
				8B610940258C542800A28845 /* ViewController.swift */,
				8B610942258C542800A28845 /* Main.storyboard */,
				8B610945258C542A00A28845 /* Assets.xcassets */,
				8B610947258C542A00A28845 /* LaunchScreen.storyboard */,
				8B61094A258C542A00A28845 /* Info.plist */,
			);
			path = Emarket;
			sourceTree = "<group>";
		};
		8B610952258C542B00A28845 /* EmarketTests */ = {
			isa = PBXGroup;
			children = (
				8B610953258C542B00A28845 /* EmarketTests.swift */,
				8B610955258C542B00A28845 /* Info.plist */,
			);
			path = EmarketTests;
			sourceTree = "<group>";
		};
		8B61095D258C542B00A28845 /* EmarketUITests */ = {
			isa = PBXGroup;
			children = (
				8B61095E258C542B00A28845 /* EmarketUITests.swift */,
				8B610960258C542B00A28845 /* Info.plist */,
			);
			path = EmarketUITests;
			sourceTree = "<group>";
		};
/* End PBXGroup section */

/* Begin PBXNativeTarget section */
		8B610938258C542800A28845 /* Emarket */ = {
			isa = PBXNativeTarget;
			buildConfigurationList = 8B610963258C542B00A28845 /* Build configuration list for PBXNativeTarget "Emarket" */;
			buildPhases = (
				8B610935258C542800A28845 /* Sources */,
				8B610936258C542800A28845 /* Frameworks */,
				8B610937258C542800A28845 /* Resources */,
			);
			buildRules = (
			);
			dependencies = (
			);
			name = Emarket;
			productName = Emarket;
			productReference = 8B610939258C542800A28845 /* Emarket.app */;
			productType = "com.apple.product-type.application";
		};
		8B61094E258C542B00A28845 /* EmarketTests */ = {
			isa = PBXNativeTarget;
			buildConfigurationList = 8B610966258C542B00A28845 /* Build configuration list for PBXNativeTarget "EmarketTests" */;
			buildPhases = (
				8B61094B258C542B00A28845 /* Sources */,
				8B61094C258C542B00A28845 /* Frameworks */,
				8B61094D258C542B00A28845 /* Resources */,
			);
			buildRules = (
			);
			dependencies = (
				8B610951258C542B00A28845 /* PBXTargetDependency */,
			);
			name = EmarketTests;
			productName = EmarketTests;
			productReference = 8B61094F258C542B00A28845 /* EmarketTests.xctest */;
			productType = "com.apple.product-type.bundle.unit-test";
		};
		8B610959258C542B00A28845 /* EmarketUITests */ = {
			isa = PBXNativeTarget;
			buildConfigurationList = 8B610969258C542B00A28845 /* Build configuration list for PBXNativeTarget "EmarketUITests" */;
			buildPhases = (
				8B610956258C542B00A28845 /* Sources */,
				8B610957258C542B00A28845 /* Frameworks */,
				8B610958258C542B00A28845 /* Resources */,
			);
			buildRules = (
			);
			dependencies = (
				8B61095C258C542B00A28845 /* PBXTargetDependency */,
			);
			name = EmarketUITests;
			productName = EmarketUITests;
			productReference = 8B61095A258C542B00A28845 /* EmarketUITests.xctest */;
			productType = "com.apple.product-type.bundle.ui-testing";
		};
/* End PBXNativeTarget section */

/* Begin PBXProject section */
		8B610931258C542800A28845 /* Project object */ = {
			isa = PBXProject;
			attributes = {
				LastSwiftUpdateCheck = 1200;
				LastUpgradeCheck = 1200;
				TargetAttributes = {
					8B610938258C542800A28845 = {
						CreatedOnToolsVersion = 12.0;
					};
					8B61094E258C542B00A28845 = {
						CreatedOnToolsVersion = 12.0;
						TestTargetID = 8B610938258C542800A28845;
					};
					8B610959258C542B00A28845 = {
						CreatedOnToolsVersion = 12.0;
						TestTargetID = 8B610938258C542800A28845;
					};
				};
			};
			buildConfigurationList = 8B610934258C542800A28845 /* Build configuration list for PBXProject "Emarket" */;
			compatibilityVersion = "Xcode 9.3";
			developmentRegion = en;
			hasScannedForEncodings = 0;
			knownRegions = (
				en,
				Base,
			);
			mainGroup = 8B610930258C542800A28845;
			productRefGroup = 8B61093A258C542800A28845 /* Products */;
			projectDirPath = "";
			projectRoot = "";
			targets = (
				8B610938258C542800A28845 /* Emarket */,
				8B61094E258C542B00A28845 /* EmarketTests */,
				8B610959258C542B00A28845 /* EmarketUITests */,
			);
		};
/* End PBXProject section */

/* Begin PBXResourcesBuildPhase section */
		8B610937258C542800A28845 /* Resources */ = {
			isa = PBXResourcesBuildPhase;
			buildActionMask = 2147483647;
			files = (
				8B610949258C542A00A28845 /* LaunchScreen.storyboard in Resources */,
				8B610946258C542A00A28845 /* Assets.xcassets in Resources */,
				8B610944258C542800A28845 /* Main.storyboard in Resources */,
			);
			runOnlyForDeploymentPostprocessing = 0;
		};
		8B61094D258C542B00A28845 /* Resources */ = {
			isa = PBXResourcesBuildPhase;
			buildActionMask = 2147483647;
			files = (
			);
			runOnlyForDeploymentPostprocessing = 0;
		};
		8B610958258C542B00A28845 /* Resources */ = {
			isa = PBXResourcesBuildPhase;
			buildActionMask = 2147483647;
			files = (
			);
			runOnlyForDeploymentPostprocessing = 0;
		};
/* End PBXResourcesBuildPhase section */

/* Begin PBXSourcesBuildPhase section */
		8B610935258C542800A28845 /* Sources */ = {
			isa = PBXSourcesBuildPhase;
			buildActionMask = 2147483647;
			files = (
				8B610941258C542800A28845 /* ViewController.swift in Sources */,
				8B61093D258C542800A28845 /* AppDelegate.swift in Sources */,
				8B61093F258C542800A28845 /* SceneDelegate.swift in Sources */,
			);
			runOnlyForDeploymentPostprocessing = 0;
		};
		8B61094B258C542B00A28845 /* Sources */ = {
			isa = PBXSourcesBuildPhase;
			buildActionMask = 2147483647;
			files = (
				8B610954258C542B00A28845 /* EmarketTests.swift in Sources */,
			);
			runOnlyForDeploymentPostprocessing = 0;
		};
		8B610956258C542B00A28845 /* Sources */ = {
			isa = PBXSourcesBuildPhase;
			buildActionMask = 2147483647;
			files = (
				8B61095F258C542B00A28845 /* EmarketUITests.swift in Sources */,
			);
			runOnlyForDeploymentPostprocessing = 0;
		};
/* End PBXSourcesBuildPhase section */

/* Begin PBXTargetDependency section */
		8B610951258C542B00A28845 /* PBXTargetDependency */ = {
			isa = PBXTargetDependency;
			target = 8B610938258C542800A28845 /* Emarket */;
			targetProxy = 8B610950258C542B00A28845 /* PBXContainerItemProxy */;
		};
		8B61095C258C542B00A28845 /* PBXTargetDependency */ = {
			isa = PBXTargetDependency;
			target = 8B610938258C542800A28845 /* Emarket */;
			targetProxy = 8B61095B258C542B00A28845 /* PBXContainerItemProxy */;
		};
/* End PBXTargetDependency section */

/* Begin PBXVariantGroup section */
		8B610942258C542800A28845 /* Main.storyboard */ = {
			isa = PBXVariantGroup;
			children = (
				8B610943258C542800A28845 /* Base */,
			);
			name = Main.storyboard;
			sourceTree = "<group>";
		};
		8B610947258C542A00A28845 /* LaunchScreen.storyboard */ = {
			isa = PBXVariantGroup;
			children = (
				8B610948258C542A00A28845 /* Base */,
			);
			name = LaunchScreen.storyboard;
			sourceTree = "<group>";
		};
/* End PBXVariantGroup section */

/* Begin XCBuildConfiguration section */
		8B610961258C542B00A28845 /* Debug */ = {
			isa = XCBuildConfiguration;
			buildSettings = {
				ALWAYS_SEARCH_USER_PATHS = NO;
				CLANG_ANALYZER_NONNULL = YES;
				CLANG_ANALYZER_NUMBER_OBJECT_CONVERSION = YES_AGGRESSIVE;
				CLANG_CXX_LANGUAGE_STANDARD = "gnu++14";
				CLANG_CXX_LIBRARY = "libc++";
				CLANG_ENABLE_MODULES = YES;
				CLANG_ENABLE_OBJC_ARC = YES;
				CLANG_ENABLE_OBJC_WEAK = YES;
				CLANG_WARN_BLOCK_CAPTURE_AUTORELEASING = YES;
				CLANG_WARN_BOOL_CONVERSION = YES;
				CLANG_WARN_COMMA = YES;
				CLANG_WARN_CONSTANT_CONVERSION = YES;
				CLANG_WARN_DEPRECATED_OBJC_IMPLEMENTATIONS = YES;
				CLANG_WARN_DIRECT_OBJC_ISA_USAGE = YES_ERROR;
				CLANG_WARN_DOCUMENTATION_COMMENTS = YES;
				CLANG_WARN_EMPTY_BODY = YES;
				CLANG_WARN_ENUM_CONVERSION = YES;
				CLANG_WARN_INFINITE_RECURSION = YES;
				CLANG_WARN_INT_CONVERSION = YES;
				CLANG_WARN_NON_LITERAL_NULL_CONVERSION = YES;
				CLANG_WARN_OBJC_IMPLICIT_RETAIN_SELF = YES;
				CLANG_WARN_OBJC_LITERAL_CONVERSION = YES;
				CLANG_WARN_OBJC_ROOT_CLASS = YES_ERROR;
				CLANG_WARN_QUOTED_INCLUDE_IN_FRAMEWORK_HEADER = YES;
				CLANG_WARN_RANGE_LOOP_ANALYSIS = YES;
				CLANG_WARN_STRICT_PROTOTYPES = YES;
				CLANG_WARN_SUSPICIOUS_MOVE = YES;
				CLANG_WARN_UNGUARDED_AVAILABILITY = YES_AGGRESSIVE;
				CLANG_WARN_UNREACHABLE_CODE = YES;
				CLANG_WARN__DUPLICATE_METHOD_MATCH = YES;
				COPY_PHASE_STRIP = NO;
				DEBUG_INFORMATION_FORMAT = dwarf;
				ENABLE_STRICT_OBJC_MSGSEND = YES;
				ENABLE_TESTABILITY = YES;
				GCC_C_LANGUAGE_STANDARD = gnu11;
				GCC_DYNAMIC_NO_PIC = NO;
				GCC_NO_COMMON_BLOCKS = YES;
				GCC_OPTIMIZATION_LEVEL = 0;
				GCC_PREPROCESSOR_DEFINITIONS = (
					"DEBUG=1",
					"$(inherited)",
				);
				GCC_WARN_64_TO_32_BIT_CONVERSION = YES;
				GCC_WARN_ABOUT_RETURN_TYPE = YES_ERROR;
				GCC_WARN_UNDECLARED_SELECTOR = YES;
				GCC_WARN_UNINITIALIZED_AUTOS = YES_AGGRESSIVE;
				GCC_WARN_UNUSED_FUNCTION = YES;
				GCC_WARN_UNUSED_VARIABLE = YES;
				IPHONEOS_DEPLOYMENT_TARGET = 14.0;
				MTL_ENABLE_DEBUG_INFO = INCLUDE_SOURCE;
				MTL_FAST_MATH = YES;
				ONLY_ACTIVE_ARCH = YES;
				SDKROOT = iphoneos;
				SWIFT_ACTIVE_COMPILATION_CONDITIONS = DEBUG;
				SWIFT_OPTIMIZATION_LEVEL = "-Onone";
			};
			name = Debug;
		};
		8B610962258C542B00A28845 /* Release */ = {
			isa = XCBuildConfiguration;
			buildSettings = {
				ALWAYS_SEARCH_USER_PATHS = NO;
				CLANG_ANALYZER_NONNULL = YES;
				CLANG_ANALYZER_NUMBER_OBJECT_CONVERSION = YES_AGGRESSIVE;
				CLANG_CXX_LANGUAGE_STANDARD = "gnu++14";
				CLANG_CXX_LIBRARY = "libc++";
				CLANG_ENABLE_MODULES = YES;
				CLANG_ENABLE_OBJC_ARC = YES;
				CLANG_ENABLE_OBJC_WEAK = YES;
				CLANG_WARN_BLOCK_CAPTURE_AUTORELEASING = YES;
				CLANG_WARN_BOOL_CONVERSION = YES;
				CLANG_WARN_COMMA = YES;
				CLANG_WARN_CONSTANT_CONVERSION = YES;
				CLANG_WARN_DEPRECATED_OBJC_IMPLEMENTATIONS = YES;
				CLANG_WARN_DIRECT_OBJC_ISA_USAGE = YES_ERROR;
				CLANG_WARN_DOCUMENTATION_COMMENTS = YES;
				CLANG_WARN_EMPTY_BODY = YES;
				CLANG_WARN_ENUM_CONVERSION = YES;
				CLANG_WARN_INFINITE_RECURSION = YES;
				CLANG_WARN_INT_CONVERSION = YES;
				CLANG_WARN_NON_LITERAL_NULL_CONVERSION = YES;
				CLANG_WARN_OBJC_IMPLICIT_RETAIN_SELF = YES;
				CLANG_WARN_OBJC_LITERAL_CONVERSION = YES;
				CLANG_WARN_OBJC_ROOT_CLASS = YES_ERROR;
				CLANG_WARN_QUOTED_INCLUDE_IN_FRAMEWORK_HEADER = YES;
				CLANG_WARN_RANGE_LOOP_ANALYSIS = YES;
				CLANG_WARN_STRICT_PROTOTYPES = YES;
				CLANG_WARN_SUSPICIOUS_MOVE = YES;
				CLANG_WARN_UNGUARDED_AVAILABILITY = YES_AGGRESSIVE;
				CLANG_WARN_UNREACHABLE_CODE = YES;
				CLANG_WARN__DUPLICATE_METHOD_MATCH = YES;
				COPY_PHASE_STRIP = NO;
				DEBUG_INFORMATION_FORMAT = "dwarf-with-dsym";
				ENABLE_NS_ASSERTIONS = NO;
				ENABLE_STRICT_OBJC_MSGSEND = YES;
				GCC_C_LANGUAGE_STANDARD = gnu11;
				GCC_NO_COMMON_BLOCKS = YES;
				GCC_WARN_64_TO_32_BIT_CONVERSION = YES;
				GCC_WARN_ABOUT_RETURN_TYPE = YES_ERROR;
				GCC_WARN_UNDECLARED_SELECTOR = YES;
				GCC_WARN_UNINITIALIZED_AUTOS = YES_AGGRESSIVE;
				GCC_WARN_UNUSED_FUNCTION = YES;
				GCC_WARN_UNUSED_VARIABLE = YES;
				IPHONEOS_DEPLOYMENT_TARGET = 14.0;
				MTL_ENABLE_DEBUG_INFO = NO;
				MTL_FAST_MATH = YES;
				SDKROOT = iphoneos;
				SWIFT_COMPILATION_MODE = wholemodule;
				SWIFT_OPTIMIZATION_LEVEL = "-O";
				VALIDATE_PRODUCT = YES;
			};
			name = Release;
		};
		8B610964258C542B00A28845 /* Debug */ = {
			isa = XCBuildConfiguration;
			buildSettings = {
				ASSETCATALOG_COMPILER_APPICON_NAME = AppIcon;
				ASSETCATALOG_COMPILER_GLOBAL_ACCENT_COLOR_NAME = AccentColor;
				CODE_SIGN_STYLE = Automatic;
				DEVELOPMENT_TEAM = V5RY9HLLJZ;
				INFOPLIST_FILE = Emarket/Info.plist;
				LD_RUNPATH_SEARCH_PATHS = (
					"$(inherited)",
					"@executable_path/Frameworks",
				);
				PRODUCT_BUNDLE_IDENTIFIER = edu.northeastern.fangyu.Emarket;
				PRODUCT_NAME = "$(TARGET_NAME)";
				SWIFT_VERSION = 5.0;
				TARGETED_DEVICE_FAMILY = "1,2";
			};
			name = Debug;
		};
		8B610965258C542B00A28845 /* Release */ = {
			isa = XCBuildConfiguration;
			buildSettings = {
				ASSETCATALOG_COMPILER_APPICON_NAME = AppIcon;
				ASSETCATALOG_COMPILER_GLOBAL_ACCENT_COLOR_NAME = AccentColor;
				CODE_SIGN_STYLE = Automatic;
				DEVELOPMENT_TEAM = V5RY9HLLJZ;
				INFOPLIST_FILE = Emarket/Info.plist;
				LD_RUNPATH_SEARCH_PATHS = (
					"$(inherited)",
					"@executable_path/Frameworks",
				);
				PRODUCT_BUNDLE_IDENTIFIER = edu.northeastern.fangyu.Emarket;
				PRODUCT_NAME = "$(TARGET_NAME)";
				SWIFT_VERSION = 5.0;
				TARGETED_DEVICE_FAMILY = "1,2";
			};
			name = Release;
		};
		8B610967258C542B00A28845 /* Debug */ = {
			isa = XCBuildConfiguration;
			buildSettings = {
				ALWAYS_EMBED_SWIFT_STANDARD_LIBRARIES = YES;
				BUNDLE_LOADER = "$(TEST_HOST)";
				CODE_SIGN_STYLE = Automatic;
				DEVELOPMENT_TEAM = V5RY9HLLJZ;
				INFOPLIST_FILE = EmarketTests/Info.plist;
				IPHONEOS_DEPLOYMENT_TARGET = 14.0;
				LD_RUNPATH_SEARCH_PATHS = (
					"$(inherited)",
					"@executable_path/Frameworks",
					"@loader_path/Frameworks",
				);
				PRODUCT_BUNDLE_IDENTIFIER = edu.northeastern.fangyu.EmarketTests;
				PRODUCT_NAME = "$(TARGET_NAME)";
				SWIFT_VERSION = 5.0;
				TARGETED_DEVICE_FAMILY = "1,2";
				TEST_HOST = "$(BUILT_PRODUCTS_DIR)/Emarket.app/Emarket";
			};
			name = Debug;
		};
		8B610968258C542B00A28845 /* Release */ = {
			isa = XCBuildConfiguration;
			buildSettings = {
				ALWAYS_EMBED_SWIFT_STANDARD_LIBRARIES = YES;
				BUNDLE_LOADER = "$(TEST_HOST)";
				CODE_SIGN_STYLE = Automatic;
				DEVELOPMENT_TEAM = V5RY9HLLJZ;
				INFOPLIST_FILE = EmarketTests/Info.plist;
				IPHONEOS_DEPLOYMENT_TARGET = 14.0;
				LD_RUNPATH_SEARCH_PATHS = (
					"$(inherited)",
					"@executable_path/Frameworks",
					"@loader_path/Frameworks",
				);
				PRODUCT_BUNDLE_IDENTIFIER = edu.northeastern.fangyu.EmarketTests;
				PRODUCT_NAME = "$(TARGET_NAME)";
				SWIFT_VERSION = 5.0;
				TARGETED_DEVICE_FAMILY = "1,2";
				TEST_HOST = "$(BUILT_PRODUCTS_DIR)/Emarket.app/Emarket";
			};
			name = Release;
		};
		8B61096A258C542B00A28845 /* Debug */ = {
			isa = XCBuildConfiguration;
			buildSettings = {
				ALWAYS_EMBED_SWIFT_STANDARD_LIBRARIES = YES;
				CODE_SIGN_STYLE = Automatic;
				DEVELOPMENT_TEAM = V5RY9HLLJZ;
				INFOPLIST_FILE = EmarketUITests/Info.plist;
				LD_RUNPATH_SEARCH_PATHS = (
					"$(inherited)",
					"@executable_path/Frameworks",
					"@loader_path/Frameworks",
				);
				PRODUCT_BUNDLE_IDENTIFIER = edu.northeastern.fangyu.EmarketUITests;
				PRODUCT_NAME = "$(TARGET_NAME)";
				SWIFT_VERSION = 5.0;
				TARGETED_DEVICE_FAMILY = "1,2";
				TEST_TARGET_NAME = Emarket;
			};
			name = Debug;
		};
		8B61096B258C542B00A28845 /* Release */ = {
			isa = XCBuildConfiguration;
			buildSettings = {
				ALWAYS_EMBED_SWIFT_STANDARD_LIBRARIES = YES;
				CODE_SIGN_STYLE = Automatic;
				DEVELOPMENT_TEAM = V5RY9HLLJZ;
				INFOPLIST_FILE = EmarketUITests/Info.plist;
				LD_RUNPATH_SEARCH_PATHS = (
					"$(inherited)",
					"@executable_path/Frameworks",
					"@loader_path/Frameworks",
				);
				PRODUCT_BUNDLE_IDENTIFIER = edu.northeastern.fangyu.EmarketUITests;
				PRODUCT_NAME = "$(TARGET_NAME)";
				SWIFT_VERSION = 5.0;
				TARGETED_DEVICE_FAMILY = "1,2";
				TEST_TARGET_NAME = Emarket;
			};
			name = Release;
		};
/* End XCBuildConfiguration section */

/* Begin XCConfigurationList section */
		8B610934258C542800A28845 /* Build configuration list for PBXProject "Emarket" */ = {
			isa = XCConfigurationList;
			buildConfigurations = (
				8B610961258C542B00A28845 /* Debug */,
				8B610962258C542B00A28845 /* Release */,
			);
			defaultConfigurationIsVisible = 0;
			defaultConfigurationName = Release;
		};
		8B610963258C542B00A28845 /* Build configuration list for PBXNativeTarget "Emarket" */ = {
			isa = XCConfigurationList;
			buildConfigurations = (
				8B610964258C542B00A28845 /* Debug */,
				8B610965258C542B00A28845 /* Release */,
			);
			defaultConfigurationIsVisible = 0;
			defaultConfigurationName = Release;
		};
		8B610966258C542B00A28845 /* Build configuration list for PBXNativeTarget "EmarketTests" */ = {
			isa = XCConfigurationList;
			buildConfigurations = (
				8B610967258C542B00A28845 /* Debug */,
				8B610968258C542B00A28845 /* Release */,
			);
			defaultConfigurationIsVisible = 0;
			defaultConfigurationName = Release;
		};
		8B610969258C542B00A28845 /* Build configuration list for PBXNativeTarget "EmarketUITests" */ = {
			isa = XCConfigurationList;
			buildConfigurations = (
				8B61096A258C542B00A28845 /* Debug */,
				8B61096B258C542B00A28845 /* Release */,
			);
			defaultConfigurationIsVisible = 0;
			defaultConfigurationName = Release;
		};
/* End XCConfigurationList section */
	};
	rootObject = 8B610931258C542800A28845 /* Project object */;
}
